# @generated - this file is auto-generated by `mise lock` https://mise.jdx.dev/dev-tools/mise-lock.html

[[tools."github:jgm/pandoc"]]
version = "3.9.0.2"
backend = "github:jgm/pandoc"

[tools."github:jgm/pandoc"."platforms.linux-arm64"]
checksum = "sha256:b6d21e8f9c3b15744f5a7ab40248019157ed7793875dbe0383d4c82ff572b528"
url = "https://github.com/jgm/pandoc/releases/download/3.9.0.2/pandoc-3.9.0.2-linux-arm64.tar.gz"
url_api = "https://api.github.com/repos/jgm/pandoc/releases/assets/377165670"

[tools."github:jgm/pandoc"."platforms.linux-arm64-musl"]
checksum = "sha256:b6d21e8f9c3b15744f5a7ab40248019157ed7793875dbe0383d4c82ff572b528"
url = "https://github.com/jgm/pandoc/releases/download/3.9.0.2/pandoc-3.9.0.2-linux-arm64.tar.gz"
url_api = "https://api.github.com/repos/jgm/pandoc/releases/assets/377165670"

[tools."github:jgm/pandoc"."platforms.linux-x64"]
checksum = "sha256:a69abfababda8a56969a254b09f9553a7be89ddec00d4e0fe9fd585d71a67508"
url = "https://github.com/jgm/pandoc/releases/download/3.9.0.2/pandoc-3.9.0.2-linux-amd64.tar.gz"
url_api = "https://api.github.com/repos/jgm/pandoc/releases/assets/377165366"

[tools."github:jgm/pandoc"."platforms.linux-x64-musl"]
checksum = "sha256:a69abfababda8a56969a254b09f9553a7be89ddec00d4e0fe9fd585d71a67508"
url = "https://github.com/jgm/pandoc/releases/download/3.9.0.2/pandoc-3.9.0.2-linux-amd64.tar.gz"
url_api = "https://api.github.com/repos/jgm/pandoc/releases/assets/377165366"

[tools."github:jgm/pandoc"."platforms.macos-arm64"]
checksum = "sha256:6e9eca844076bcbb599bbeebbba78a70f93b5307782b85c2c272872812c88875"
url = "https://github.com/jgm/pandoc/releases/download/3.9.0.2/pandoc-3.9.0.2-arm64-macOS.zip"
url_api = "https://api.github.com/repos/jgm/pandoc/releases/assets/377165034"

[tools."github:jgm/pandoc"."platforms.macos-x64"]
checksum = "sha256:b9fbceabccbc8f34ac021a50483fc32f8160568d0b4b2c22d81bb29e3054fd82"
url = "https://github.com/jgm/pandoc/releases/download/3.9.0.2/pandoc-3.9.0.2-x86_64-macOS.zip"
url_api = "https://api.github.com/repos/jgm/pandoc/releases/assets/377167038"

[tools."github:jgm/pandoc"."platforms.windows-x64"]
checksum = "sha256:c97542f2800f446e788d9f74237856d995421ad1bb3cc8324286840c5f272d3a"
url = "https://github.com/jgm/pandoc/releases/download/3.9.0.2/pandoc-3.9.0.2-windows-x86_64.zip"
url_api = "https://api.github.com/repos/jgm/pandoc/releases/assets/377166311"

[[tools."github:neovim/neovim"]]
version = "stable"
backend = "github:neovim/neovim"

[tools."github:neovim/neovim"."platforms.linux-arm64"]
checksum = "sha256:a3f8aa5590fd2ac930bcc5c9070b9ac1ec33461d262b6428874c5fc640f3f13c"
url = "https://github.com/neovim/neovim/releases/download/stable/nvim-linux-arm64.tar.gz"
url_api = "https://api.github.com/repos/neovim/neovim/releases/assets/390065328"

[tools."github:neovim/neovim"."platforms.linux-arm64-musl"]
checksum = "sha256:a3f8aa5590fd2ac930bcc5c9070b9ac1ec33461d262b6428874c5fc640f3f13c"
url = "https://github.com/neovim/neovim/releases/download/stable/nvim-linux-arm64.tar.gz"
url_api = "https://api.github.com/repos/neovim/neovim/releases/assets/390065328"

[tools."github:neovim/neovim"."platforms.linux-x64"]
checksum = "sha256:ab757a1fd9ad307d53d2df4045698906a7ca3993d92260dd8fe49108712d57d0"
url = "https://github.com/neovim/neovim/releases/download/stable/nvim-linux-x86_64.tar.gz"
url_api = "https://api.github.com/repos/neovim/neovim/releases/assets/390065329"

[tools."github:neovim/neovim"."platforms.linux-x64-musl"]
checksum = "sha256:ab757a1fd9ad307d53d2df4045698906a7ca3993d92260dd8fe49108712d57d0"
url = "https://github.com/neovim/neovim/releases/download/stable/nvim-linux-x86_64.tar.gz"
url_api = "https://api.github.com/repos/neovim/neovim/releases/assets/390065329"

[tools."github:neovim/neovim"."platforms.macos-arm64"]
checksum = "sha256:b77e01c5421ac1bac593eed5c2ea1b950439306dd4c32371ac2473792da9a9d5"
url = "https://github.com/neovim/neovim/releases/download/stable/nvim-macos-arm64.tar.gz"
url_api = "https://api.github.com/repos/neovim/neovim/releases/assets/390065331"

[tools."github:neovim/neovim"."platforms.macos-x64"]
checksum = "sha256:e59a5eafcdf824e2bf6a738e75f8f62ba4ff1b7f1c7daaec2d134aa46737907c"
url = "https://github.com/neovim/neovim/releases/download/stable/nvim-macos-x86_64.tar.gz"
url_api = "https://api.github.com/repos/neovim/neovim/releases/assets/390065327"

[tools."github:neovim/neovim"."platforms.windows-x64"]
checksum = "sha256:75fedc530b3772ca9f177edc7db92560bb9d2d6700ac6d5b2c53eaf5a9317ae3"
url = "https://github.com/neovim/neovim/releases/download/stable/nvim-win64.zip"
url_api = "https://api.github.com/repos/neovim/neovim/releases/assets/390065345"

[[tools.uv]]
version = "0.11.2"
backend = "aqua:astral-sh/uv"

[tools.uv."platforms.linux-arm64"]
checksum = "sha256:275d91dd1f1955136591e7ec5e1fa21e84d0d37ead7da7c35c3683df748d9855"
url = "https://github.com/astral-sh/uv/releases/download/0.11.2/uv-aarch64-unknown-linux-musl.tar.gz"
provenance = "github-attestations"

[tools.uv."platforms.linux-arm64-musl"]
checksum = "sha256:275d91dd1f1955136591e7ec5e1fa21e84d0d37ead7da7c35c3683df748d9855"
url = "https://github.com/astral-sh/uv/releases/download/0.11.2/uv-aarch64-unknown-linux-musl.tar.gz"
provenance = "github-attestations"

[tools.uv."platforms.linux-x64"]
checksum = "sha256:4700d9fc75734247587deb3e25dd2c6c24f4ac69e8fe91d6acad4a6013115c06"
url = "https://github.com/astral-sh/uv/releases/download/0.11.2/uv-x86_64-unknown-linux-musl.tar.gz"
provenance = "github-attestations"

[tools.uv."platforms.linux-x64-musl"]
checksum = "sha256:4700d9fc75734247587deb3e25dd2c6c24f4ac69e8fe91d6acad4a6013115c06"
url = "https://github.com/astral-sh/uv/releases/download/0.11.2/uv-x86_64-unknown-linux-musl.tar.gz"
provenance = "github-attestations"

[tools.uv."platforms.macos-arm64"]
checksum = "sha256:4beaa9550f93ef7f0fc02f7c28c9c48cd61fe30db00f5ac8947e0a425c3fb282"
url = "https://github.com/astral-sh/uv/releases/download/0.11.2/uv-aarch64-apple-darwin.tar.gz"
provenance = "github-attestations"

[tools.uv."platforms.macos-x64"]
checksum = "sha256:a9c3653245031304c50dd60ac0301bf6c112e12c38c32302a71d4fa6a63ba2cb"
url = "https://github.com/astral-sh/uv/releases/download/0.11.2/uv-x86_64-apple-darwin.tar.gz"
provenance = "github-attestations"

[tools.uv."platforms.windows-x64"]
checksum = "sha256:171b7ccda1bbd562da6babeffcf533a1c6cc7862cf998da826e1db534fc43e48"
url = "https://github.com/astral-sh/uv/releases/download/0.11.2/uv-x86_64-pc-windows-msvc.zip"
provenance = "github-attestations"
